
Microsoft Visual Studio Solution File, Format Version 12.00
# Visual Studio Version 17
VisualStudioVersion = 17.6.33723.286
MinimumVisualStudioVersion = 10.0.40219.1
Project("{FAE04EC0-301F-11D3-BF4B-00C04F79EFBC}") = "mindbox", "mindbox.csproj", "{987EDE9B-68A9-4EFE-AF5D-60B43F728181}"
EndProject
Project("{FAE04EC0-301F-11D3-BF4B-00C04F79EFBC}") = "TestProject", "..\TestProject\TestProject.csproj", "{D7E024B2-5807-4C95-8BD4-EF9F5C647DA0}"
EndProject
Global
	GlobalSection(SolutionConfigurationPlatforms) = preSolution
		Debug|Any CPU = Debug|Any CPU
		Release|Any CPU = Release|Any CPU
	EndGlobalSection
	GlobalSection(ProjectConfigurationPlatforms) = postSolution
		{987EDE9B-68A9-4EFE-AF5D-60B43F728181}.Debug|Any CPU.ActiveCfg = Debug|Any CPU
		{987EDE9B-68A9-4EFE-AF5D-60B43F728181}.Debug|Any CPU.Build.0 = Debug|Any CPU
		{987EDE9B-68A9-4EFE-AF5D-60B43F728181}.Release|Any CPU.ActiveCfg = Release|Any CPU
		{987EDE9B-68A9-4EFE-AF5D-60B43F728181}.Release|Any CPU.Build.0 = Release|Any CPU
		{D7E024B2-5807-4C95-8BD4-EF9F5C647DA0}.Debug|Any CPU.ActiveCfg = Debug|Any CPU
		{D7E024B2-5807-4C95-8BD4-EF9F5C647DA0}.Debug|Any CPU.Build.0 = Debug|Any CPU
		{D7E024B2-5807-4C95-8BD4-EF9F5C647DA0}.Release|Any CPU.ActiveCfg = Release|Any CPU
		{D7E024B2-5807-4C95-8BD4-EF9F5C647DA0}.Release|Any CPU.Build.0 = Release|Any CPU
	EndGlobalSection
	GlobalSection(SolutionProperties) = preSolution
		HideSolutionNode = FALSE
	EndGlobalSection
	GlobalSection(ExtensibilityGlobals) = postSolution
		SolutionGuid = {B803FBBF-834D-404B-A612-C9D13AA560B3}
	EndGlobalSection
EndGlobal
